{
  "name": "master-tab",
  "version": "1.0.0",
  "lockfileVersion": 1,
  "requires": true,
  "dependencies": {
    "@arnellebalane/event-emitter": {
      "version": "1.0.1",
      "resolved": "https://registry.npmjs.org/@arnellebalane/event-emitter/-/event-emitter-1.0.1.tgz",
      "integrity": "sha512-3rIvIaa3L3jp6Xa3+CHgPgCj/r4Rif2GcDpDjnl5GColRNSxTXzEBYP2UwGycN7BFkjk7g12jgziUqdAEZQ7xg=="
    }
  }
}
